// !$*UTF8*$!
{
	archiveVersion = 1;
	classes = {
	};
	objectVersion = 46;
	objects = {

/* Begin PBXBuildFile section */
		7A3DB2671D2CB69500A7C9D9 /* ProfileProtocols.swift in Sources */ = {isa = PBXBuildFile; fileRef = 7A3DB2661D2CB69500A7C9D9 /* ProfileProtocols.swift */; };
		7A3E31431D07083600DC90B0 /* AppDelegate.swift in Sources */ = {isa = PBXBuildFile; fileRef = 7A3E31421D07083600DC90B0 /* AppDelegate.swift */; };
		7A3E31481D07083600DC90B0 /* Main.storyboard in Resources */ = {isa = PBXBuildFile; fileRef = 7A3E31461D07083600DC90B0 /* Main.storyboard */; };
		7A3E314A1D07083600DC90B0 /* Assets.xcassets in Resources */ = {isa = PBXBuildFile; fileRef = 7A3E31491D07083600DC90B0 /* Assets.xcassets */; };
		7A3E314D1D07083600DC90B0 /* LaunchScreen.storyboard in Resources */ = {isa = PBXBuildFile; fileRef = 7A3E314B1D07083600DC90B0 /* LaunchScreen.storyboard */; };
		7A3E31551D070A4300DC90B0 /* ProfileViewController.swift in Sources */ = {isa = PBXBuildFile; fileRef = 7A3E31541D070A4300DC90B0 /* ProfileViewController.swift */; };
		7A3E315B1D07CD7600DC90B0 /* TopPickTableViewCell.swift in Sources */ = {isa = PBXBuildFile; fileRef = 7A3E315A1D07CD7600DC90B0 /* TopPickTableViewCell.swift */; };
		7A5DE2ED1D316CE300B7C2F1 /* ImageCache.swift in Sources */ = {isa = PBXBuildFile; fileRef = 7A5DE2EC1D316CE300B7C2F1 /* ImageCache.swift */; };
		7A6E01C01D3DDA7100F9E728 /* SettingsViewController.swift in Sources */ = {isa = PBXBuildFile; fileRef = 7A6E01BF1D3DDA7100F9E728 /* SettingsViewController.swift */; };
		7A789D3C1D13BB720048F7C2 /* TopSongsViewController.swift in Sources */ = {isa = PBXBuildFile; fileRef = 7A789D3B1D13BB720048F7C2 /* TopSongsViewController.swift */; };
		7A7F2B1F1D1F353B006B85D0 /* FriendTableViewCell.swift in Sources */ = {isa = PBXBuildFile; fileRef = 7A7F2B1E1D1F353B006B85D0 /* FriendTableViewCell.swift */; };
		7A8740A11D35DC75009D507E /* TopSongDataModel.xcdatamodeld in Sources */ = {isa = PBXBuildFile; fileRef = 7A87409F1D35DC75009D507E /* TopSongDataModel.xcdatamodeld */; };
		7A8740A41D35F7CD009D507E /* CoreDataStackManager.swift in Sources */ = {isa = PBXBuildFile; fileRef = 7A8740A31D35F7CD009D507E /* CoreDataStackManager.swift */; };
		7A8740A61D35F92E009D507E /* User.swift in Sources */ = {isa = PBXBuildFile; fileRef = 7A8740A51D35F92E009D507E /* User.swift */; };
		7A8740A81D35FDC0009D507E /* TopSongFriend.swift in Sources */ = {isa = PBXBuildFile; fileRef = 7A8740A71D35FDC0009D507E /* TopSongFriend.swift */; };
		7A8740AA1D35FDD1009D507E /* HitListSong.swift in Sources */ = {isa = PBXBuildFile; fileRef = 7A8740A91D35FDD1009D507E /* HitListSong.swift */; };
		7A8C412E1D0DDC4E00D45C6B /* SongProtocols.swift in Sources */ = {isa = PBXBuildFile; fileRef = 7A8C412D1D0DDC4E00D45C6B /* SongProtocols.swift */; };
		7A8C41301D0DDDA500D45C6B /* UIDesignAttributes.swift in Sources */ = {isa = PBXBuildFile; fileRef = 7A8C412F1D0DDDA500D45C6B /* UIDesignAttributes.swift */; };
		7A8C41321D0E009100D45C6B /* GoogleService-Info.plist in Resources */ = {isa = PBXBuildFile; fileRef = 7A8C41311D0E009100D45C6B /* GoogleService-Info.plist */; };
		7A8CD6DF1D08613F0010EBD9 /* SongPickerViewController.swift in Sources */ = {isa = PBXBuildFile; fileRef = 7A8CD6DE1D08613F0010EBD9 /* SongPickerViewController.swift */; };
		7A8D6B191D24BBBD004DB5B6 /* Friend.swift in Sources */ = {isa = PBXBuildFile; fileRef = 7A8D6B181D24BBBD004DB5B6 /* Friend.swift */; };
		7A8FDABD1D110E0E0053BEF7 /* FindFriendsViewController.swift in Sources */ = {isa = PBXBuildFile; fileRef = 7A8FDABC1D110E0E0053BEF7 /* FindFriendsViewController.swift */; };
		7A922CEB1D125CE1002CBE7B /* FriendsViewController.swift in Sources */ = {isa = PBXBuildFile; fileRef = 7A922CEA1D125CE1002CBE7B /* FriendsViewController.swift */; };
		7A9332541D2FEBDF005FCED1 /* FirebaseClient+Profile.swift in Sources */ = {isa = PBXBuildFile; fileRef = 7A9332531D2FEBDF005FCED1 /* FirebaseClient+Profile.swift */; };
		7A9332561D2FECB1005FCED1 /* FirebaseClient+TopSongs.swift in Sources */ = {isa = PBXBuildFile; fileRef = 7A9332551D2FECB1005FCED1 /* FirebaseClient+TopSongs.swift */; };
		7A9332581D2FED4A005FCED1 /* FirebaseClient+Friends.swift in Sources */ = {isa = PBXBuildFile; fileRef = 7A9332571D2FED4A005FCED1 /* FirebaseClient+Friends.swift */; };
		7A9EBF001D486169002BD453 /* ProfileViewController+Animations.swift in Sources */ = {isa = PBXBuildFile; fileRef = 7A9EBEFF1D486169002BD453 /* ProfileViewController+Animations.swift */; };
		7A9EBF021D486686002BD453 /* TopSongsViewController+Animation.swift in Sources */ = {isa = PBXBuildFile; fileRef = 7A9EBF011D486686002BD453 /* TopSongsViewController+Animation.swift */; };
		7AA009CC1D2309DD008DBDFF /* SongConverter.swift in Sources */ = {isa = PBXBuildFile; fileRef = 7AA009CB1D2309DD008DBDFF /* SongConverter.swift */; };
		7AA009CE1D231106008DBDFF /* TopSong.swift in Sources */ = {isa = PBXBuildFile; fileRef = 7AA009CD1D231106008DBDFF /* TopSong.swift */; };
		7AA0A8421D0E20B1009324D9 /* SignInViewController.swift in Sources */ = {isa = PBXBuildFile; fileRef = 7AA0A8411D0E20B1009324D9 /* SignInViewController.swift */; };
		7AB265361D15EC8A00EF8E59 /* TopSongTableViewCell.swift in Sources */ = {isa = PBXBuildFile; fileRef = 7AB265351D15EC8A00EF8E59 /* TopSongTableViewCell.swift */; };
		7AC2CC231D20CB9C002FCC5D /* FirebaseClient.swift in Sources */ = {isa = PBXBuildFile; fileRef = 7AC2CC221D20CB9C002FCC5D /* FirebaseClient.swift */; };
		7AC2CC261D20E3B0002FCC5D /* SignInViewController+UI.swift in Sources */ = {isa = PBXBuildFile; fileRef = 7AC2CC251D20E3B0002FCC5D /* SignInViewController+UI.swift */; };
		AD737317D12B4FA3CD029F1C /* Pods_TopSong.framework in Frameworks */ = {isa = PBXBuildFile; fileRef = 9B05838AB879D3A25810C130 /* Pods_TopSong.framework */; };
/* End PBXBuildFile section */

/* Begin PBXFileReference section */
		6FEDB98A7AB1D580C4BCCF45 /* Pods-TopSong.debug.xcconfig */ = {isa = PBXFileReference; includeInIndex = 1; lastKnownFileType = text.xcconfig; name = "Pods-TopSong.debug.xcconfig"; path = "Pods/Target Support Files/Pods-TopSong/Pods-TopSong.debug.xcconfig"; sourceTree = "<group>"; };
		7A3DB2661D2CB69500A7C9D9 /* ProfileProtocols.swift */ = {isa = PBXFileReference; fileEncoding = 4; lastKnownFileType = sourcecode.swift; path = ProfileProtocols.swift; sourceTree = "<group>"; };
		7A3E313F1D07083600DC90B0 /* TopSong.app */ = {isa = PBXFileReference; explicitFileType = wrapper.application; includeInIndex = 0; path = TopSong.app; sourceTree = BUILT_PRODUCTS_DIR; };
		7A3E31421D07083600DC90B0 /* AppDelegate.swift */ = {isa = PBXFileReference; lastKnownFileType = sourcecode.swift; path = AppDelegate.swift; sourceTree = "<group>"; };
		7A3E31471D07083600DC90B0 /* Base */ = {isa = PBXFileReference; lastKnownFileType = file.storyboard; name = Base; path = Base.lproj/Main.storyboard; sourceTree = "<group>"; };
		7A3E31491D07083600DC90B0 /* Assets.xcassets */ = {isa = PBXFileReference; lastKnownFileType = folder.assetcatalog; path = Assets.xcassets; sourceTree = "<group>"; };
		7A3E314C1D07083600DC90B0 /* Base */ = {isa = PBXFileReference; lastKnownFileType = file.storyboard; name = Base; path = Base.lproj/LaunchScreen.storyboard; sourceTree = "<group>"; };
		7A3E314E1D07083600DC90B0 /* Info.plist */ = {isa = PBXFileReference; lastKnownFileType = text.plist.xml; path = Info.plist; sourceTree = "<group>"; };
		7A3E31541D070A4300DC90B0 /* ProfileViewController.swift */ = {isa = PBXFileReference; fileEncoding = 4; lastKnownFileType = sourcecode.swift; name = ProfileViewController.swift; path = ../ProfileViewController.swift; sourceTree = "<group>"; };
		7A3E315A1D07CD7600DC90B0 /* TopPickTableViewCell.swift */ = {isa = PBXFileReference; fileEncoding = 4; lastKnownFileType = sourcecode.swift; name = TopPickTableViewCell.swift; path = ../TopPickTableViewCell.swift; sourceTree = "<group>"; };
		7A5DE2EC1D316CE300B7C2F1 /* ImageCache.swift */ = {isa = PBXFileReference; fileEncoding = 4; lastKnownFileType = sourcecode.swift; path = ImageCache.swift; sourceTree = "<group>"; };
		7A6E01BF1D3DDA7100F9E728 /* SettingsViewController.swift */ = {isa = PBXFileReference; fileEncoding = 4; lastKnownFileType = sourcecode.swift; path = SettingsViewController.swift; sourceTree = "<group>"; };
		7A789D3B1D13BB720048F7C2 /* TopSongsViewController.swift */ = {isa = PBXFileReference; fileEncoding = 4; lastKnownFileType = sourcecode.swift; path = TopSongsViewController.swift; sourceTree = "<group>"; };
		7A7F2B1E1D1F353B006B85D0 /* FriendTableViewCell.swift */ = {isa = PBXFileReference; fileEncoding = 4; lastKnownFileType = sourcecode.swift; path = FriendTableViewCell.swift; sourceTree = "<group>"; };
		7A8740A01D35DC75009D507E /* TopSongDataModel.xcdatamodel */ = {isa = PBXFileReference; lastKnownFileType = wrapper.xcdatamodel; path = TopSongDataModel.xcdatamodel; sourceTree = "<group>"; };
		7A8740A31D35F7CD009D507E /* CoreDataStackManager.swift */ = {isa = PBXFileReference; fileEncoding = 4; lastKnownFileType = sourcecode.swift; path = CoreDataStackManager.swift; sourceTree = "<group>"; };
		7A8740A51D35F92E009D507E /* User.swift */ = {isa = PBXFileReference; fileEncoding = 4; lastKnownFileType = sourcecode.swift; path = User.swift; sourceTree = "<group>"; };
		7A8740A71D35FDC0009D507E /* TopSongFriend.swift */ = {isa = PBXFileReference; fileEncoding = 4; lastKnownFileType = sourcecode.swift; path = TopSongFriend.swift; sourceTree = "<group>"; };
		7A8740A91D35FDD1009D507E /* HitListSong.swift */ = {isa = PBXFileReference; fileEncoding = 4; lastKnownFileType = sourcecode.swift; path = HitListSong.swift; sourceTree = "<group>"; };
		7A8C412D1D0DDC4E00D45C6B /* SongProtocols.swift */ = {isa = PBXFileReference; fileEncoding = 4; lastKnownFileType = sourcecode.swift; path = SongProtocols.swift; sourceTree = "<group>"; };
		7A8C412F1D0DDDA500D45C6B /* UIDesignAttributes.swift */ = {isa = PBXFileReference; fileEncoding = 4; lastKnownFileType = sourcecode.swift; path = UIDesignAttributes.swift; sourceTree = "<group>"; };
		7A8C41311D0E009100D45C6B /* GoogleService-Info.plist */ = {isa = PBXFileReference; fileEncoding = 4; lastKnownFileType = text.plist.xml; path = "GoogleService-Info.plist"; sourceTree = "<group>"; };
		7A8CD6DE1D08613F0010EBD9 /* SongPickerViewController.swift */ = {isa = PBXFileReference; fileEncoding = 4; lastKnownFileType = sourcecode.swift; path = SongPickerViewController.swift; sourceTree = "<group>"; };
		7A8D6B181D24BBBD004DB5B6 /* Friend.swift */ = {isa = PBXFileReference; fileEncoding = 4; lastKnownFileType = sourcecode.swift; path = Friend.swift; sourceTree = "<group>"; };
		7A8FDABC1D110E0E0053BEF7 /* FindFriendsViewController.swift */ = {isa = PBXFileReference; fileEncoding = 4; lastKnownFileType = sourcecode.swift; path = FindFriendsViewController.swift; sourceTree = "<group>"; };
		7A922CEA1D125CE1002CBE7B /* FriendsViewController.swift */ = {isa = PBXFileReference; fileEncoding = 4; lastKnownFileType = sourcecode.swift; path = FriendsViewController.swift; sourceTree = "<group>"; };
		7A9332531D2FEBDF005FCED1 /* FirebaseClient+Profile.swift */ = {isa = PBXFileReference; fileEncoding = 4; lastKnownFileType = sourcecode.swift; path = "FirebaseClient+Profile.swift"; sourceTree = "<group>"; };
		7A9332551D2FECB1005FCED1 /* FirebaseClient+TopSongs.swift */ = {isa = PBXFileReference; fileEncoding = 4; lastKnownFileType = sourcecode.swift; path = "FirebaseClient+TopSongs.swift"; sourceTree = "<group>"; };
		7A9332571D2FED4A005FCED1 /* FirebaseClient+Friends.swift */ = {isa = PBXFileReference; fileEncoding = 4; lastKnownFileType = sourcecode.swift; path = "FirebaseClient+Friends.swift"; sourceTree = "<group>"; };
		7A9EBEFF1D486169002BD453 /* ProfileViewController+Animations.swift */ = {isa = PBXFileReference; fileEncoding = 4; lastKnownFileType = sourcecode.swift; path = "ProfileViewController+Animations.swift"; sourceTree = "<group>"; };
		7A9EBF011D486686002BD453 /* TopSongsViewController+Animation.swift */ = {isa = PBXFileReference; fileEncoding = 4; lastKnownFileType = sourcecode.swift; path = "TopSongsViewController+Animation.swift"; sourceTree = "<group>"; };
		7AA009CB1D2309DD008DBDFF /* SongConverter.swift */ = {isa = PBXFileReference; fileEncoding = 4; lastKnownFileType = sourcecode.swift; path = SongConverter.swift; sourceTree = "<group>"; };
		7AA009CD1D231106008DBDFF /* TopSong.swift */ = {isa = PBXFileReference; fileEncoding = 4; lastKnownFileType = sourcecode.swift; path = TopSong.swift; sourceTree = "<group>"; };
		7AA0A8411D0E20B1009324D9 /* SignInViewController.swift */ = {isa = PBXFileReference; fileEncoding = 4; lastKnownFileType = sourcecode.swift; path = SignInViewController.swift; sourceTree = "<group>"; };
		7AB265351D15EC8A00EF8E59 /* TopSongTableViewCell.swift */ = {isa = PBXFileReference; fileEncoding = 4; lastKnownFileType = sourcecode.swift; path = TopSongTableViewCell.swift; sourceTree = "<group>"; };
		7AC2CC221D20CB9C002FCC5D /* FirebaseClient.swift */ = {isa = PBXFileReference; fileEncoding = 4; lastKnownFileType = sourcecode.swift; path = FirebaseClient.swift; sourceTree = "<group>"; };
		7AC2CC251D20E3B0002FCC5D /* SignInViewController+UI.swift */ = {isa = PBXFileReference; fileEncoding = 4; lastKnownFileType = sourcecode.swift; path = "SignInViewController+UI.swift"; sourceTree = "<group>"; };
		8B0A7FCA8DB0EC9761B1C8C7 /* Pods-TopSong.release.xcconfig */ = {isa = PBXFileReference; includeInIndex = 1; lastKnownFileType = text.xcconfig; name = "Pods-TopSong.release.xcconfig"; path = "Pods/Target Support Files/Pods-TopSong/Pods-TopSong.release.xcconfig"; sourceTree = "<group>"; };
		9B05838AB879D3A25810C130 /* Pods_TopSong.framework */ = {isa = PBXFileReference; explicitFileType = wrapper.framework; includeInIndex = 0; path = Pods_TopSong.framework; sourceTree = BUILT_PRODUCTS_DIR; };
/* End PBXFileReference section */

/* Begin PBXFrameworksBuildPhase section */
		7A3E313C1D07083600DC90B0 /* Frameworks */ = {
			isa = PBXFrameworksBuildPhase;
			buildActionMask = 2147483647;
			files = (
				AD737317D12B4FA3CD029F1C /* Pods_TopSong.framework in Frameworks */,
			);
			runOnlyForDeploymentPostprocessing = 0;
		};
/* End PBXFrameworksBuildPhase section */

/* Begin PBXGroup section */
		25BE1666D2B9E8606631E980 /* Pods */ = {
			isa = PBXGroup;
			children = (
				6FEDB98A7AB1D580C4BCCF45 /* Pods-TopSong.debug.xcconfig */,
				8B0A7FCA8DB0EC9761B1C8C7 /* Pods-TopSong.release.xcconfig */,
			);
			name = Pods;
			sourceTree = "<group>";
		};
		7A3E31361D07083600DC90B0 = {
			isa = PBXGroup;
			children = (
				7A3E31411D07083600DC90B0 /* TopSong */,
				7A3E31401D07083600DC90B0 /* Products */,
				25BE1666D2B9E8606631E980 /* Pods */,
				CF82D1152811018CC6523DBC /* Frameworks */,
			);
			sourceTree = "<group>";
		};
		7A3E31401D07083600DC90B0 /* Products */ = {
			isa = PBXGroup;
			children = (
				7A3E313F1D07083600DC90B0 /* TopSong.app */,
			);
			name = Products;
			sourceTree = "<group>";
		};
		7A3E31411D07083600DC90B0 /* TopSong */ = {
			isa = PBXGroup;
			children = (
				7A3E31421D07083600DC90B0 /* AppDelegate.swift */,
				7A8C412F1D0DDDA500D45C6B /* UIDesignAttributes.swift */,
				7A8740A21D35DC7D009D507E /* Core Data */,
				7A9332521D2FEB99005FCED1 /* FirebaseClient */,
				7AA009CB1D2309DD008DBDFF /* SongConverter.swift */,
				7AA009CD1D231106008DBDFF /* TopSong.swift */,
				7A8D6B181D24BBBD004DB5B6 /* Friend.swift */,
				7AC2CC241D20E37D002FCC5D /* Logging In */,
				7A8C412D1D0DDC4E00D45C6B /* SongProtocols.swift */,
				7A3DB2661D2CB69500A7C9D9 /* ProfileProtocols.swift */,
				7A5DE2EA1D31680B00B7C2F1 /* TableViewCells */,
				7A3E31541D070A4300DC90B0 /* ProfileViewController.swift */,
				7A9EBEFF1D486169002BD453 /* ProfileViewController+Animations.swift */,
				7A8CD6DE1D08613F0010EBD9 /* SongPickerViewController.swift */,
				7A789D3B1D13BB720048F7C2 /* TopSongsViewController.swift */,
				7A9EBF011D486686002BD453 /* TopSongsViewController+Animation.swift */,
				7A922CEA1D125CE1002CBE7B /* FriendsViewController.swift */,
				7A8FDABC1D110E0E0053BEF7 /* FindFriendsViewController.swift */,
				7A6E01BF1D3DDA7100F9E728 /* SettingsViewController.swift */,
				7A5DE2EB1D316CC100B7C2F1 /* Cache */,
				7A3E31461D07083600DC90B0 /* Main.storyboard */,
				7A3E31491D07083600DC90B0 /* Assets.xcassets */,
				7A3E314B1D07083600DC90B0 /* LaunchScreen.storyboard */,
				7A3E314E1D07083600DC90B0 /* Info.plist */,
				7A8C41311D0E009100D45C6B /* GoogleService-Info.plist */,
			);
			path = TopSong;
			sourceTree = "<group>";
		};
		7A5DE2EA1D31680B00B7C2F1 /* TableViewCells */ = {
			isa = PBXGroup;
			children = (
				7A3E315A1D07CD7600DC90B0 /* TopPickTableViewCell.swift */,
				7AB265351D15EC8A00EF8E59 /* TopSongTableViewCell.swift */,
				7A7F2B1E1D1F353B006B85D0 /* FriendTableViewCell.swift */,
			);
			name = TableViewCells;
			sourceTree = "<group>";
		};
		7A5DE2EB1D316CC100B7C2F1 /* Cache */ = {
			isa = PBXGroup;
			children = (
				7A5DE2EC1D316CE300B7C2F1 /* ImageCache.swift */,
			);
			name = Cache;
			sourceTree = "<group>";
		};
		7A8740A21D35DC7D009D507E /* Core Data */ = {
			isa = PBXGroup;
			children = (
				7A87409F1D35DC75009D507E /* TopSongDataModel.xcdatamodeld */,
				7A8740A31D35F7CD009D507E /* CoreDataStackManager.swift */,
				7A8740A91D35FDD1009D507E /* HitListSong.swift */,
				7A8740A71D35FDC0009D507E /* TopSongFriend.swift */,
				7A8740A51D35F92E009D507E /* User.swift */,
			);
			name = "Core Data";
			sourceTree = "<group>";
		};
		7A9332521D2FEB99005FCED1 /* FirebaseClient */ = {
			isa = PBXGroup;
			children = (
				7AC2CC221D20CB9C002FCC5D /* FirebaseClient.swift */,
				7A9332531D2FEBDF005FCED1 /* FirebaseClient+Profile.swift */,
				7A9332551D2FECB1005FCED1 /* FirebaseClient+TopSongs.swift */,
				7A9332571D2FED4A005FCED1 /* FirebaseClient+Friends.swift */,
			);
			name = FirebaseClient;
			sourceTree = "<group>";
		};
		7AC2CC241D20E37D002FCC5D /* Logging In */ = {
			isa = PBXGroup;
			children = (
				7AA0A8411D0E20B1009324D9 /* SignInViewController.swift */,
				7AC2CC251D20E3B0002FCC5D /* SignInViewController+UI.swift */,
			);
			name = "Logging In";
			sourceTree = "<group>";
		};
		CF82D1152811018CC6523DBC /* Frameworks */ = {
			isa = PBXGroup;
			children = (
				9B05838AB879D3A25810C130 /* Pods_TopSong.framework */,
			);
			name = Frameworks;
			sourceTree = "<group>";
		};
/* End PBXGroup section */

/* Begin PBXNativeTarget section */
		7A3E313E1D07083600DC90B0 /* TopSong */ = {
			isa = PBXNativeTarget;
			buildConfigurationList = 7A3E31511D07083600DC90B0 /* Build configuration list for PBXNativeTarget "TopSong" */;
			buildPhases = (
				B5AD307D6EABC7EA2DF27F42 /* Check Pods Manifest.lock */,
				7A3E313B1D07083600DC90B0 /* Sources */,
				7A3E313C1D07083600DC90B0 /* Frameworks */,
				7A3E313D1D07083600DC90B0 /* Resources */,
				8FE71ED3AD6E7EAC1B389BBE /* Embed Pods Frameworks */,
				1BB187EBEDD8B2F9A9C33C25 /* Copy Pods Resources */,
			);
			buildRules = (
			);
			dependencies = (
			);
			name = TopSong;
			productName = TopSong;
			productReference = 7A3E313F1D07083600DC90B0 /* TopSong.app */;
			productType = "com.apple.product-type.application";
		};
/* End PBXNativeTarget section */

/* Begin PBXProject section */
		7A3E31371D07083600DC90B0 /* Project object */ = {
			isa = PBXProject;
			attributes = {
				LastSwiftUpdateCheck = 0730;
				LastUpgradeCheck = 0730;
				ORGANIZATIONNAME = "Eric Hodgins";
				TargetAttributes = {
					7A3E313E1D07083600DC90B0 = {
						CreatedOnToolsVersion = 7.3;
						DevelopmentTeam = E3QZ6M9437;
					};
				};
			};
			buildConfigurationList = 7A3E313A1D07083600DC90B0 /* Build configuration list for PBXProject "TopSong" */;
			compatibilityVersion = "Xcode 3.2";
			developmentRegion = English;
			hasScannedForEncodings = 0;
			knownRegions = (
				en,
				Base,
			);
			mainGroup = 7A3E31361D07083600DC90B0;
			productRefGroup = 7A3E31401D07083600DC90B0 /* Products */;
			projectDirPath = "";
			projectRoot = "";
			targets = (
				7A3E313E1D07083600DC90B0 /* TopSong */,
			);
		};
/* End PBXProject section */

/* Begin PBXResourcesBuildPhase section */
		7A3E313D1D07083600DC90B0 /* Resources */ = {
			isa = PBXResourcesBuildPhase;
			buildActionMask = 2147483647;
			files = (
				7A3E314D1D07083600DC90B0 /* LaunchScreen.storyboard in Resources */,
				7A8C41321D0E009100D45C6B /* GoogleService-Info.plist in Resources */,
				7A3E314A1D07083600DC90B0 /* Assets.xcassets in Resources */,
				7A3E31481D07083600DC90B0 /* Main.storyboard in Resources */,
			);
			runOnlyForDeploymentPostprocessing = 0;
		};
/* End PBXResourcesBuildPhase section */

/* Begin PBXShellScriptBuildPhase section */
		1BB187EBEDD8B2F9A9C33C25 /* Copy Pods Resources */ = {
			isa = PBXShellScriptBuildPhase;
			buildActionMask = 2147483647;
			files = (
			);
			inputPaths = (
			);
			name = "Copy Pods Resources";
			outputPaths = (
			);
			runOnlyForDeploymentPostprocessing = 0;
			shellPath = /bin/sh;
			shellScript = "\"${SRCROOT}/Pods/Target Support Files/Pods-TopSong/Pods-TopSong-resources.sh\"\n";
			showEnvVarsInLog = 0;
		};
		8FE71ED3AD6E7EAC1B389BBE /* Embed Pods Frameworks */ = {
			isa = PBXShellScriptBuildPhase;
			buildActionMask = 2147483647;
			files = (
			);
			inputPaths = (
			);
			name = "Embed Pods Frameworks";
			outputPaths = (
			);
			runOnlyForDeploymentPostprocessing = 0;
			shellPath = /bin/sh;
			shellScript = "\"${SRCROOT}/Pods/Target Support Files/Pods-TopSong/Pods-TopSong-frameworks.sh\"\n";
			showEnvVarsInLog = 0;
		};
		B5AD307D6EABC7EA2DF27F42 /* Check Pods Manifest.lock */ = {
			isa = PBXShellScriptBuildPhase;
			buildActionMask = 2147483647;
			files = (
			);
			inputPaths = (
			);
			name = "Check Pods Manifest.lock";
			outputPaths = (
			);
			runOnlyForDeploymentPostprocessing = 0;
			shellPath = /bin/sh;
			shellScript = "diff \"${PODS_ROOT}/../Podfile.lock\" \"${PODS_ROOT}/Manifest.lock\" > /dev/null\nif [[ $? != 0 ]] ; then\n    cat << EOM\nerror: The sandbox is not in sync with the Podfile.lock. Run 'pod install' or update your CocoaPods installation.\nEOM\n    exit 1\nfi\n";
			showEnvVarsInLog = 0;
		};
/* End PBXShellScriptBuildPhase section */

/* Begin PBXSourcesBuildPhase section */
		7A3E313B1D07083600DC90B0 /* Sources */ = {
			isa = PBXSourcesBuildPhase;
			buildActionMask = 2147483647;
			files = (
				7A9EBF021D486686002BD453 /* TopSongsViewController+Animation.swift in Sources */,
				7A5DE2ED1D316CE300B7C2F1 /* ImageCache.swift in Sources */,
				7AA0A8421D0E20B1009324D9 /* SignInViewController.swift in Sources */,
				7A789D3C1D13BB720048F7C2 /* TopSongsViewController.swift in Sources */,
				7A8740A61D35F92E009D507E /* User.swift in Sources */,
				7AA009CE1D231106008DBDFF /* TopSong.swift in Sources */,
				7A922CEB1D125CE1002CBE7B /* FriendsViewController.swift in Sources */,
				7A9332561D2FECB1005FCED1 /* FirebaseClient+TopSongs.swift in Sources */,
				7A7F2B1F1D1F353B006B85D0 /* FriendTableViewCell.swift in Sources */,
				7A9332541D2FEBDF005FCED1 /* FirebaseClient+Profile.swift in Sources */,
				7AB265361D15EC8A00EF8E59 /* TopSongTableViewCell.swift in Sources */,
				7A8C41301D0DDDA500D45C6B /* UIDesignAttributes.swift in Sources */,
				7AA009CC1D2309DD008DBDFF /* SongConverter.swift in Sources */,
				7A3E31551D070A4300DC90B0 /* ProfileViewController.swift in Sources */,
				7A8CD6DF1D08613F0010EBD9 /* SongPickerViewController.swift in Sources */,
				7A9332581D2FED4A005FCED1 /* FirebaseClient+Friends.swift in Sources */,
				7A8740AA1D35FDD1009D507E /* HitListSong.swift in Sources */,
				7AC2CC261D20E3B0002FCC5D /* SignInViewController+UI.swift in Sources */,
				7A8740A11D35DC75009D507E /* TopSongDataModel.xcdatamodeld in Sources */,
				7A8C412E1D0DDC4E00D45C6B /* SongProtocols.swift in Sources */,
				7A8740A41D35F7CD009D507E /* CoreDataStackManager.swift in Sources */,
				7A9EBF001D486169002BD453 /* ProfileViewController+Animations.swift in Sources */,
				7A8FDABD1D110E0E0053BEF7 /* FindFriendsViewController.swift in Sources */,
				7A3DB2671D2CB69500A7C9D9 /* ProfileProtocols.swift in Sources */,
				7AC2CC231D20CB9C002FCC5D /* FirebaseClient.swift in Sources */,
				7A6E01C01D3DDA7100F9E728 /* SettingsViewController.swift in Sources */,
				7A8740A81D35FDC0009D507E /* TopSongFriend.swift in Sources */,
				7A8D6B191D24BBBD004DB5B6 /* Friend.swift in Sources */,
				7A3E31431D07083600DC90B0 /* AppDelegate.swift in Sources */,
				7A3E315B1D07CD7600DC90B0 /* TopPickTableViewCell.swift in Sources */,
			);
			runOnlyForDeploymentPostprocessing = 0;
		};
/* End PBXSourcesBuildPhase section */

/* Begin PBXVariantGroup section */
		7A3E31461D07083600DC90B0 /* Main.storyboard */ = {
			isa = PBXVariantGroup;
			children = (
				7A3E31471D07083600DC90B0 /* Base */,
			);
			name = Main.storyboard;
			sourceTree = "<group>";
		};
		7A3E314B1D07083600DC90B0 /* LaunchScreen.storyboard */ = {
			isa = PBXVariantGroup;
			children = (
				7A3E314C1D07083600DC90B0 /* Base */,
			);
			name = LaunchScreen.storyboard;
			sourceTree = "<group>";
		};
/* End PBXVariantGroup section */

/* Begin XCBuildConfiguration section */
		7A3E314F1D07083600DC90B0 /* Debug */ = {
			isa = XCBuildConfiguration;
			buildSettings = {
				ALWAYS_SEARCH_USER_PATHS = NO;
				CLANG_ANALYZER_NONNULL = YES;
				CLANG_CXX_LANGUAGE_STANDARD = "gnu++0x";
				CLANG_CXX_LIBRARY = "libc++";
				CLANG_ENABLE_MODULES = YES;
				CLANG_ENABLE_OBJC_ARC = YES;
				CLANG_WARN_BOOL_CONVERSION = YES;
				CLANG_WARN_CONSTANT_CONVERSION = YES;
				CLANG_WARN_DIRECT_OBJC_ISA_USAGE = YES_ERROR;
				CLANG_WARN_EMPTY_BODY = YES;
				CLANG_WARN_ENUM_CONVERSION = YES;
				CLANG_WARN_INT_CONVERSION = YES;
				CLANG_WARN_OBJC_ROOT_CLASS = YES_ERROR;
				CLANG_WARN_UNREACHABLE_CODE = YES;
				CLANG_WARN__DUPLICATE_METHOD_MATCH = YES;
				"CODE_SIGN_IDENTITY[sdk=iphoneos*]" = "iPhone Developer";
				COPY_PHASE_STRIP = NO;
				DEBUG_INFORMATION_FORMAT = dwarf;
				ENABLE_STRICT_OBJC_MSGSEND = YES;
				ENABLE_TESTABILITY = YES;
				GCC_C_LANGUAGE_STANDARD = gnu99;
				GCC_DYNAMIC_NO_PIC = NO;
				GCC_NO_COMMON_BLOCKS = YES;
				GCC_OPTIMIZATION_LEVEL = 0;
				GCC_PREPROCESSOR_DEFINITIONS = (
					"DEBUG=1",
					"$(inherited)",
				);
				GCC_WARN_64_TO_32_BIT_CONVERSION = YES;
				GCC_WARN_ABOUT_RETURN_TYPE = YES_ERROR;
				GCC_WARN_UNDECLARED_SELECTOR = YES;
				GCC_WARN_UNINITIALIZED_AUTOS = YES_AGGRESSIVE;
				GCC_WARN_UNUSED_FUNCTION = YES;
				GCC_WARN_UNUSED_VARIABLE = YES;
				IPHONEOS_DEPLOYMENT_TARGET = 9.3;
				MTL_ENABLE_DEBUG_INFO = YES;
				ONLY_ACTIVE_ARCH = YES;
				SDKROOT = iphoneos;
				SWIFT_OPTIMIZATION_LEVEL = "-Onone";
			};
			name = Debug;
		};
		7A3E31501D07083600DC90B0 /* Release */ = {
			isa = XCBuildConfiguration;
			buildSettings = {
				ALWAYS_SEARCH_USER_PATHS = NO;
				CLANG_ANALYZER_NONNULL = YES;
				CLANG_CXX_LANGUAGE_STANDARD = "gnu++0x";
				CLANG_CXX_LIBRARY = "libc++";
				CLANG_ENABLE_MODULES = YES;
				CLANG_ENABLE_OBJC_ARC = YES;
				CLANG_WARN_BOOL_CONVERSION = YES;
				CLANG_WARN_CONSTANT_CONVERSION = YES;
				CLANG_WARN_DIRECT_OBJC_ISA_USAGE = YES_ERROR;
				CLANG_WARN_EMPTY_BODY = YES;
				CLANG_WARN_ENUM_CONVERSION = YES;
				CLANG_WARN_INT_CONVERSION = YES;
				CLANG_WARN_OBJC_ROOT_CLASS = YES_ERROR;
				CLANG_WARN_UNREACHABLE_CODE = YES;
				CLANG_WARN__DUPLICATE_METHOD_MATCH = YES;
				"CODE_SIGN_IDENTITY[sdk=iphoneos*]" = "iPhone Developer";
				COPY_PHASE_STRIP = NO;
				DEBUG_INFORMATION_FORMAT = "dwarf-with-dsym";
				ENABLE_NS_ASSERTIONS = NO;
				ENABLE_STRICT_OBJC_MSGSEND = YES;
				GCC_C_LANGUAGE_STANDARD = gnu99;
				GCC_NO_COMMON_BLOCKS = YES;
				GCC_WARN_64_TO_32_BIT_CONVERSION = YES;
				GCC_WARN_ABOUT_RETURN_TYPE = YES_ERROR;
				GCC_WARN_UNDECLARED_SELECTOR = YES;
				GCC_WARN_UNINITIALIZED_AUTOS = YES_AGGRESSIVE;
				GCC_WARN_UNUSED_FUNCTION = YES;
				GCC_WARN_UNUSED_VARIABLE = YES;
				IPHONEOS_DEPLOYMENT_TARGET = 9.3;
				MTL_ENABLE_DEBUG_INFO = NO;
				SDKROOT = iphoneos;
				VALIDATE_PRODUCT = YES;
			};
			name = Release;
		};
		7A3E31521D07083600DC90B0 /* Debug */ = {
			isa = XCBuildConfiguration;
			baseConfigurationReference = 6FEDB98A7AB1D580C4BCCF45 /* Pods-TopSong.debug.xcconfig */;
			buildSettings = {
				ASSETCATALOG_COMPILER_APPICON_NAME = AppIcon;
				CODE_SIGN_IDENTITY = "iPhone Developer";
				INFOPLIST_FILE = TopSong/Info.plist;
				LD_RUNPATH_SEARCH_PATHS = "$(inherited) @executable_path/Frameworks";
				PRODUCT_BUNDLE_IDENTIFIER = com.hodginsEric.TopSong;
				PRODUCT_NAME = "$(TARGET_NAME)";
			};
			name = Debug;
		};
		7A3E31531D07083600DC90B0 /* Release */ = {
			isa = XCBuildConfiguration;
			baseConfigurationReference = 8B0A7FCA8DB0EC9761B1C8C7 /* Pods-TopSong.release.xcconfig */;
			buildSettings = {
				ASSETCATALOG_COMPILER_APPICON_NAME = AppIcon;
				CODE_SIGN_IDENTITY = "iPhone Developer";
				INFOPLIST_FILE = TopSong/Info.plist;
				LD_RUNPATH_SEARCH_PATHS = "$(inherited) @executable_path/Frameworks";
				PRODUCT_BUNDLE_IDENTIFIER = com.hodginsEric.TopSong;
				PRODUCT_NAME = "$(TARGET_NAME)";
			};
			name = Release;
		};
/* End XCBuildConfiguration section */

/* Begin XCConfigurationList section */
		7A3E313A1D07083600DC90B0 /* Build configuration list for PBXProject "TopSong" */ = {
			isa = XCConfigurationList;
			buildConfigurations = (
				7A3E314F1D07083600DC90B0 /* Debug */,
				7A3E31501D07083600DC90B0 /* Release */,
			);
			defaultConfigurationIsVisible = 0;
			defaultConfigurationName = Release;
		};
		7A3E31511D07083600DC90B0 /* Build configuration list for PBXNativeTarget "TopSong" */ = {
			isa = XCConfigurationList;
			buildConfigurations = (
				7A3E31521D07083600DC90B0 /* Debug */,
				7A3E31531D07083600DC90B0 /* Release */,
			);
			defaultConfigurationIsVisible = 0;
			defaultConfigurationName = Release;
		};
/* End XCConfigurationList section */

/* Begin XCVersionGroup section */
		7A87409F1D35DC75009D507E /* TopSongDataModel.xcdatamodeld */ = {
			isa = XCVersionGroup;
			children = (
				7A8740A01D35DC75009D507E /* TopSongDataModel.xcdatamodel */,
			);
			currentVersion = 7A8740A01D35DC75009D507E /* TopSongDataModel.xcdatamodel */;
			path = TopSongDataModel.xcdatamodeld;
			sourceTree = "<group>";
			versionGroupType = wrapper.xcdatamodel;
		};
/* End XCVersionGroup section */
	};
	rootObject = 7A3E31371D07083600DC90B0 /* Project object */;
}
